
Microsoft Visual Studio Solution File, Format Version 12.00
# Visual Studio Version 17
VisualStudioVersion = 17.5.33424.131
MinimumVisualStudioVersion = 10.0.40219.1
Project("{FAE04EC0-301F-11D3-BF4B-00C04F79EFBC}") = "ConsoleApp4", "ConsoleApp4\ConsoleApp4.csproj", "{71372CA2-41D8-4676-AAE9-435AB64C5C89}"
EndProject
Global
	GlobalSection(SolutionConfigurationPlatforms) = preSolution
		Debug|Any CPU = Debug|Any CPU
		Release|Any CPU = Release|Any CPU
	EndGlobalSection
	GlobalSection(ProjectConfigurationPlatforms) = postSolution
		{71372CA2-41D8-4676-AAE9-435AB64C5C89}.Debug|Any CPU.ActiveCfg = Debug|Any CPU
		{71372CA2-41D8-4676-AAE9-435AB64C5C89}.Debug|Any CPU.Build.0 = Debug|Any CPU
		{71372CA2-41D8-4676-AAE9-435AB64C5C89}.Release|Any CPU.ActiveCfg = Release|Any CPU
		{71372CA2-41D8-4676-AAE9-435AB64C5C89}.Release|Any CPU.Build.0 = Release|Any CPU
	EndGlobalSection
	GlobalSection(SolutionProperties) = preSolution
		HideSolutionNode = FALSE
	EndGlobalSection
	GlobalSection(ExtensibilityGlobals) = postSolution
		SolutionGuid = {2F59CAE6-A2C7-447C-B0A7-E5C0F71B1482}
	EndGlobalSection
EndGlobal
